
Microsoft Visual Studio Solution File, Format Version 12.00
Project("{FAE04EC0-301F-11D3-BF4B-00C04F79EFBC}") = "kr", "kr\kr.csproj", "{604B5225-150E-41C9-A734-5B548B7310C3}"
EndProject
Global
	GlobalSection(SolutionConfigurationPlatforms) = preSolution
		Debug|Any CPU = Debug|Any CPU
		Release|Any CPU = Release|Any CPU
	EndGlobalSection
	GlobalSection(ProjectConfigurationPlatforms) = postSolution
		{604B5225-150E-41C9-A734-5B548B7310C3}.Debug|Any CPU.ActiveCfg = Debug|Any CPU
		{604B5225-150E-41C9-A734-5B548B7310C3}.Debug|Any CPU.Build.0 = Debug|Any CPU
		{604B5225-150E-41C9-A734-5B548B7310C3}.Release|Any CPU.ActiveCfg = Release|Any CPU
		{604B5225-150E-41C9-A734-5B548B7310C3}.Release|Any CPU.Build.0 = Release|Any CPU
	EndGlobalSection
EndGlobal
